
Microsoft Visual Studio Solution File, Format Version 12.00
# Visual Studio Version 17
VisualStudioVersion = 17.4.33110.190
MinimumVisualStudioVersion = 10.0.40219.1
Project("{9A19103F-16F7-4668-BE54-9A1E7A4F7556}") = "Bussiness", "Bussiness\Bussiness.csproj", "{0CB856FB-E54E-4C51-9C45-60A2A91802FF}"
EndProject
Project("{9A19103F-16F7-4668-BE54-9A1E7A4F7556}") = "DataAccess", "DataAccess\DataAccess.csproj", "{4E1DD0E1-9438-4CA7-AA3E-1E70566B5C4D}"
EndProject
Project("{9A19103F-16F7-4668-BE54-9A1E7A4F7556}") = "Entities", "Entities\Entities.csproj", "{BE7B0A77-6874-4892-B0CC-470DEC1846CF}"
EndProject
Project("{9A19103F-16F7-4668-BE54-9A1E7A4F7556}") = "WebAPI", "WebAPI\WebAPI.csproj", "{35449BA9-9122-4653-9FD5-5C6497A2CB81}"
EndProject
Project("{9A19103F-16F7-4668-BE54-9A1E7A4F7556}") = "Web", "Web\Web.csproj", "{90677913-5776-43D1-8C9D-D68C33C3FF57}"
EndProject
Global
	GlobalSection(SolutionConfigurationPlatforms) = preSolution
		Debug|Any CPU = Debug|Any CPU
		Release|Any CPU = Release|Any CPU
	EndGlobalSection
	GlobalSection(ProjectConfigurationPlatforms) = postSolution
		{0CB856FB-E54E-4C51-9C45-60A2A91802FF}.Debug|Any CPU.ActiveCfg = Debug|Any CPU
		{0CB856FB-E54E-4C51-9C45-60A2A91802FF}.Debug|Any CPU.Build.0 = Debug|Any CPU
		{0CB856FB-E54E-4C51-9C45-60A2A91802FF}.Release|Any CPU.ActiveCfg = Release|Any CPU
		{0CB856FB-E54E-4C51-9C45-60A2A91802FF}.Release|Any CPU.Build.0 = Release|Any CPU
		{4E1DD0E1-9438-4CA7-AA3E-1E70566B5C4D}.Debug|Any CPU.ActiveCfg = Debug|Any CPU
		{4E1DD0E1-9438-4CA7-AA3E-1E70566B5C4D}.Debug|Any CPU.Build.0 = Debug|Any CPU
		{4E1DD0E1-9438-4CA7-AA3E-1E70566B5C4D}.Release|Any CPU.ActiveCfg = Release|Any CPU
		{4E1DD0E1-9438-4CA7-AA3E-1E70566B5C4D}.Release|Any CPU.Build.0 = Release|Any CPU
		{BE7B0A77-6874-4892-B0CC-470DEC1846CF}.Debug|Any CPU.ActiveCfg = Debug|Any CPU
		{BE7B0A77-6874-4892-B0CC-470DEC1846CF}.Debug|Any CPU.Build.0 = Debug|Any CPU
		{BE7B0A77-6874-4892-B0CC-470DEC1846CF}.Release|Any CPU.ActiveCfg = Release|Any CPU
		{BE7B0A77-6874-4892-B0CC-470DEC1846CF}.Release|Any CPU.Build.0 = Release|Any CPU
		{35449BA9-9122-4653-9FD5-5C6497A2CB81}.Debug|Any CPU.ActiveCfg = Debug|Any CPU
		{35449BA9-9122-4653-9FD5-5C6497A2CB81}.Debug|Any CPU.Build.0 = Debug|Any CPU
		{35449BA9-9122-4653-9FD5-5C6497A2CB81}.Release|Any CPU.ActiveCfg = Release|Any CPU
		{35449BA9-9122-4653-9FD5-5C6497A2CB81}.Release|Any CPU.Build.0 = Release|Any CPU
		{90677913-5776-43D1-8C9D-D68C33C3FF57}.Debug|Any CPU.ActiveCfg = Debug|Any CPU
		{90677913-5776-43D1-8C9D-D68C33C3FF57}.Debug|Any CPU.Build.0 = Debug|Any CPU
		{90677913-5776-43D1-8C9D-D68C33C3FF57}.Release|Any CPU.ActiveCfg = Release|Any CPU
		{90677913-5776-43D1-8C9D-D68C33C3FF57}.Release|Any CPU.Build.0 = Release|Any CPU
	EndGlobalSection
	GlobalSection(SolutionProperties) = preSolution
		HideSolutionNode = FALSE
	EndGlobalSection
	GlobalSection(ExtensibilityGlobals) = postSolution
		SolutionGuid = {A87A2362-6B9A-4799-BB88-57E23604FA71}
	EndGlobalSection
EndGlobal
